# Generated by pub
# See https://dart.dev/tools/pub/glossary#lockfile
packages:
  animate_do:
    dependency: "direct main"
    description:
      name: animate_do
      sha256: "4554744e604b841e2bde710398ef3f4f8a1935a182b48727afe2a1023527b883"
      url: "https://pub.dev"
    source: hosted
    version: "2.1.0"
  archive:
    dependency: transitive
    description:
      name: archive
      sha256: cdecf5f45a132ba5671845ec126269a17a69979c0f385852ad4a7d8639016441
      url: "https://pub.dev"
    source: hosted
    version: "3.2.2"
  argon_buttons_flutter_fix:
    dependency: "direct main"
    description:
      name: argon_buttons_flutter_fix
      sha256: "91030b89101aab7eec4b91880400af320f2b68f395df46783711ef2b76aca8ab"
      url: "https://pub.dev"
    source: hosted
    version: "1.1.3"
  args:
    dependency: transitive
    description:
      name: args
      sha256: "0bd9a99b6eb96f07af141f0eb53eace8983e8e5aa5de59777aca31684680ef22"
      url: "https://pub.dev"
    source: hosted
    version: "2.3.0"
  async:
    dependency: transitive
    description:
      name: async
      sha256: bfe67ef28df125b7dddcea62755991f807aa39a2492a23e1550161692950bbe0
      url: "https://pub.dev"
    source: hosted
    version: "2.10.0"
  auto_size_text:
    dependency: "direct main"
    description:
      name: auto_size_text
      sha256: "3f5261cd3fb5f2a9ab4e2fc3fba84fd9fcaac8821f20a1d4e71f557521b22599"
      url: "https://pub.dev"
    source: hosted
    version: "3.0.0"
  babstrap_settings_screen:
    dependency: "direct main"
    description:
      name: babstrap_settings_screen
      sha256: "39fa9c39bdc6b63d3fbca26e075eddc1c55f33e1acb8b2b431815c4db606e24a"
      url: "https://pub.dev"
    source: hosted
    version: "0.1.1"
  badges:
    dependency: "direct main"
    description:
      name: badges
      sha256: "03d0df98532607db96a16b9a6b725f844defac5590c757ae7b4e6b2117dc3038"
      url: "https://pub.dev"
    source: hosted
    version: "2.0.2"
  boolean_selector:
    dependency: transitive
    description:
      name: boolean_selector
      sha256: "6cfb5af12253eaf2b368f07bacc5a80d1301a071c73360d746b7f2e32d762c66"
      url: "https://pub.dev"
    source: hosted
    version: "2.1.1"
  cached_network_image:
    dependency: "direct main"
    description:
      name: cached_network_image
      sha256: e764e48ef036cabdf84319ba7b8b5871b6b43266e14de787cb43f77639089ae5
      url: "https://pub.dev"
    source: hosted
    version: "3.2.1"
  cached_network_image_platform_interface:
    dependency: transitive
    description:
      name: cached_network_image_platform_interface
      sha256: "8e2b5befefec5063bee8f209fda21751f6328d405d4237c70f21104568b2fee7"
      url: "https://pub.dev"
    source: hosted
    version: "1.0.0"
  cached_network_image_web:
    dependency: transitive
    description:
      name: cached_network_image_web
      sha256: d4351c7eb16767df129b0474a5ebc4e028870379c063e8ba265a56aa00831e70
      url: "https://pub.dev"
    source: hosted
    version: "1.0.1"
  carousel_pro:
    dependency: "direct main"
    description:
      name: carousel_pro
      sha256: "714689d60d2edb263673783c264c8e5207640d52dcbdcb60d8bd1a17fe7514a9"
      url: "https://pub.dev"
    source: hosted
    version: "1.0.0"
  change_app_package_name:
    dependency: "direct dev"
    description:
      name: change_app_package_name
      sha256: d404913f58b2c29bac912b4878f5ae36dc5e54e4ae61f7674be1efeb02c0215a
      url: "https://pub.dev"
    source: hosted
    version: "0.1.3"
  characters:
    dependency: transitive
    description:
      name: characters
      sha256: e6a326c8af69605aec75ed6c187d06b349707a27fbff8222ca9cc2cff167975c
      url: "https://pub.dev"
    source: hosted
    version: "1.2.1"
  charcode:
    dependency: transitive
    description:
      name: charcode
      sha256: fb98c0f6d12c920a02ee2d998da788bca066ca5f148492b7085ee23372b12306
      url: "https://pub.dev"
    source: hosted
    version: "1.3.1"
  clock:
    dependency: transitive
    description:
      name: clock
      sha256: cb6d7f03e1de671e34607e909a7213e31d7752be4fb66a86d29fe1eb14bfb5cf
      url: "https://pub.dev"
    source: hosted
    version: "1.1.1"
  cloud_firestore:
    dependency: "direct main"
    description:
      name: cloud_firestore
      sha256: "7c6693f48c30182623be95b44c1d9114397448c86b6e79e9d9af9b572ab16152"
      url: "https://pub.dev"
    source: hosted
    version: "3.1.14"
  cloud_firestore_platform_interface:
    dependency: transitive
    description:
      name: cloud_firestore_platform_interface
      sha256: "95c0d08322e5b605df660754cd615fd6ea055b8e8a907aefee162101a1466e52"
      url: "https://pub.dev"
    source: hosted
    version: "5.5.5"
  cloud_firestore_web:
    dependency: transitive
    description:
      name: cloud_firestore_web
      sha256: "0ccf392798e0030c523c27d4a57a3b046a161e44ae7b6296d391e32af219a70d"
      url: "https://pub.dev"
    source: hosted
    version: "2.6.14"
  cloud_functions:
    dependency: "direct main"
    description:
      name: cloud_functions
      sha256: eacfa6903e869c8abfec58fca26ef41341644c235b86dfc41eb12a50199f61c9
      url: "https://pub.dev"
    source: hosted
    version: "3.2.15"
  cloud_functions_platform_interface:
    dependency: transitive
    description:
      name: cloud_functions_platform_interface
      sha256: "2d0187cc98d814dc2d3aab693f3df1e596384173156874d04a395362daabcbd6"
      url: "https://pub.dev"
    source: hosted
    version: "5.1.6"
  cloud_functions_web:
    dependency: transitive
    description:
      name: cloud_functions_web
      sha256: "3f6d99a00e99c2d82044c45e0df8fc2ce7b321c81f6f4e703039bc54dcade1a1"
      url: "https://pub.dev"
    source: hosted
    version: "4.2.14"
  collection:
    dependency: transitive
    description:
      name: collection
      sha256: cfc915e6923fe5ce6e153b0723c753045de46de1b4d63771530504004a45fae0
      url: "https://pub.dev"
    source: hosted
    version: "1.17.0"
  cross_file:
    dependency: transitive
    description:
      name: cross_file
      sha256: "93ccb9d2a91854ce7233583809774e2d3fbac6eef03c255eb6cd4db8b1242f0f"
      url: "https://pub.dev"
    source: hosted
    version: "0.3.3"
  crypto:
    dependency: transitive
    description:
      name: crypto
      sha256: cf75650c66c0316274e21d7c43d3dea246273af5955bd94e8184837cd577575c
      url: "https://pub.dev"
    source: hosted
    version: "3.0.1"
  cupertino_icons:
    dependency: "direct main"
    description:
      name: cupertino_icons
      sha256: "1989d917fbe8e6b39806207df5a3fdd3d816cbd090fac2ce26fb45e9a71476e5"
      url: "https://pub.dev"
    source: hosted
    version: "1.0.4"
  dbus:
    dependency: transitive
    description:
      name: dbus
      sha256: a019f1cb3d28c1601f6e368fe751c9f72617e49f45591bc383fb6870d8efc987
      url: "https://pub.dev"
    source: hosted
    version: "0.7.1"
  equatable:
    dependency: transitive
    description:
      name: equatable
      sha256: c6094fd1efad3046334a9c40bee022147e55c25401ccd89b94e373e3edadd375
      url: "https://pub.dev"
    source: hosted
    version: "2.0.3"
  fake_async:
    dependency: transitive
    description:
      name: fake_async
      sha256: "511392330127add0b769b75a987850d136345d9227c6b94c96a04cf4a391bf78"
      url: "https://pub.dev"
    source: hosted
    version: "1.3.1"
  ffi:
    dependency: transitive
    description:
      name: ffi
      sha256: "35d0f481d939de0d640b3db9a7aa36a52cd22054a798a73b4f50bdad5ce12678"
      url: "https://pub.dev"
    source: hosted
    version: "1.1.2"
  file:
    dependency: transitive
    description:
      name: file
      sha256: b69516f2c26a5bcac4eee2e32512e1a5205ab312b3536c1c1227b2b942b5f9ad
      url: "https://pub.dev"
    source: hosted
    version: "6.1.2"
  filter_list:
    dependency: "direct main"
    description:
      name: filter_list
      sha256: "1954b0421c32ee702e0ecebddaad1acf8326764548945b5fec334c3cf254275c"
      url: "https://pub.dev"
    source: hosted
    version: "1.0.1"
  firebase_auth:
    dependency: "direct main"
    description:
      name: firebase_auth
      sha256: d1b4ea13b90c128ba188fcec6785581fdd0aa724d69913a8bac25ae62ad7bf8c
      url: "https://pub.dev"
    source: hosted
    version: "3.3.17"
  firebase_auth_platform_interface:
    dependency: transitive
    description:
      name: firebase_auth_platform_interface
      sha256: "587dbda228494bf2876fb5a7c9a37dec6f7ed04f326af586721abb69157a1498"
      url: "https://pub.dev"
    source: hosted
    version: "6.2.5"
  firebase_auth_web:
    dependency: transitive
    description:
      name: firebase_auth_web
      sha256: e279e2627b8cfed90bc310ff12fb54e9b55c30fcf7c4204c29055f6c684d7bfe
      url: "https://pub.dev"
    source: hosted
    version: "3.3.14"
  firebase_core:
    dependency: "direct main"
    description:
      name: firebase_core
      sha256: "9d6c0895eb0e0c33b1a466b87014c7edfd06b1af86a3bb28e80479e250d5a877"
      url: "https://pub.dev"
    source: hosted
    version: "1.16.0"
  firebase_core_platform_interface:
    dependency: transitive
    description:
      name: firebase_core_platform_interface
      sha256: "4292dfccb04e63edd7c3d311f3903016ad3ef243bf053f984fa87c8eeacc9f1a"
      url: "https://pub.dev"
    source: hosted
    version: "4.4.0"
  firebase_core_web:
    dependency: transitive
    description:
      name: firebase_core_web
      sha256: "68d3430e3f1db2c547d984d9f9fe52bf0967d2cd25a637efc91a93f5914272c2"
      url: "https://pub.dev"
    source: hosted
    version: "1.6.4"
  firebase_messaging:
    dependency: "direct main"
    description:
      name: firebase_messaging
      sha256: a053404d4342383e1f2160763aeaffcbd7cb4ffc194b07c49a9db09db6aba5e8
      url: "https://pub.dev"
    source: hosted
    version: "11.4.0"
  firebase_messaging_platform_interface:
    dependency: transitive
    description:
      name: firebase_messaging_platform_interface
      sha256: "3facfaee5047908aff9a72946e86633b330b267a08a912a49b14154dd63f4ff5"
      url: "https://pub.dev"
    source: hosted
    version: "3.5.0"
  firebase_messaging_web:
    dependency: transitive
    description:
      name: firebase_messaging_web
      sha256: d4155f590e46c00a6405df2f75145def54a973cb45ca4f9f1959a4bfd8ebced8
      url: "https://pub.dev"
    source: hosted
    version: "2.4.0"
  firebase_storage:
    dependency: "direct main"
    description:
      name: firebase_storage
      sha256: f48c72edee826debb2e3385e4913a3432e5acda1567e5d0ca1aac3f83b24023f
      url: "https://pub.dev"
    source: hosted
    version: "10.2.16"
  firebase_storage_platform_interface:
    dependency: transitive
    description:
      name: firebase_storage_platform_interface
      sha256: "094991e0d334710c9aa2fafad34c32beb6264a04b8625e8d9c569e8c028d0a35"
      url: "https://pub.dev"
    source: hosted
    version: "4.1.6"
  firebase_storage_web:
    dependency: transitive
    description:
      name: firebase_storage_web
      sha256: bbabb32878491171e0be7bc94b91f424c11609a633de61ab89524d584154f72a
      url: "https://pub.dev"
    source: hosted
    version: "3.2.15"
  flutter:
    dependency: "direct main"
    description: flutter
    source: sdk
    version: "0.0.0"
  flutter_blurhash:
    dependency: transitive
    description:
      name: flutter_blurhash
      sha256: "05001537bd3fac7644fa6558b09ec8c0a3f2eba78c0765f88912882b1331a5c6"
      url: "https://pub.dev"
    source: hosted
    version: "0.7.0"
  flutter_cache_manager:
    dependency: transitive
    description:
      name: flutter_cache_manager
      sha256: "32cd900555219333326a2d0653aaaf8671264c29befa65bbd9856d204a4c9fb3"
      url: "https://pub.dev"
    source: hosted
    version: "3.3.0"
  flutter_hooks:
    dependency: transitive
    description:
      name: flutter_hooks
      sha256: bbc8cfdb05582d6f329835f41735c7724afe0a7e7849128a4e975e1eed1f3acf
      url: "https://pub.dev"
    source: hosted
    version: "0.18.2+1"
  flutter_launcher_icons:
    dependency: "direct dev"
    description:
      name: flutter_launcher_icons
      sha256: e4d29b76a94cc439c3cb1d8946020bd478e50480a72a256ed6861dae91897962
      url: "https://pub.dev"
    source: hosted
    version: "0.9.2"
  flutter_lints:
    dependency: "direct dev"
    description:
      name: flutter_lints
      sha256: b543301ad291598523947dc534aaddc5aaad597b709d2426d3a0e0d44c5cb493
      url: "https://pub.dev"
    source: hosted
    version: "1.0.4"
  flutter_local_notifications:
    dependency: "direct main"
    description:
      name: flutter_local_notifications
      sha256: b5007c6ba07f7b7e969bdf9665dbdd78f67129ceff772f58e6f3657299ea3ed0
      url: "https://pub.dev"
    source: hosted
    version: "9.4.0"
  flutter_local_notifications_linux:
    dependency: transitive
    description:
      name: flutter_local_notifications_linux
      sha256: "51ef74118fb9a712bd394808066a20117865e0c34b3228002d02730b59a8ef64"
      url: "https://pub.dev"
    source: hosted
    version: "0.4.2"
  flutter_local_notifications_platform_interface:
    dependency: transitive
    description:
      name: flutter_local_notifications_platform_interface
      sha256: "21bceee103a66a53b30ea9daf677f990e5b9e89b62f222e60dd241cd08d63d3a"
      url: "https://pub.dev"
    source: hosted
    version: "5.0.0"
  flutter_native_splash:
    dependency: "direct main"
    description:
      name: flutter_native_splash
      sha256: "502625b2ef7beb6f45ae0cbb06bad79ff15ef229c09e7b3a112aa26cecc68110"
      url: "https://pub.dev"
    source: hosted
    version: "2.1.1"
  flutter_onboard:
    dependency: "direct main"
    description:
      name: flutter_onboard
      sha256: "731bf6c785ffcec0bc4f2343607fbf388d8d3e439a1143ab3db426b14565fed8"
      url: "https://pub.dev"
    source: hosted
    version: "2.0.0"
  flutter_phoenix:
    dependency: "direct main"
    description:
      name: flutter_phoenix
      sha256: b6bfb8b78109c5db33fad77ee0b0ba3cbaa7e8106a90b958a1eee5c88517c751
      url: "https://pub.dev"
    source: hosted
    version: "1.0.0"
  flutter_plugin_android_lifecycle:
    dependency: transitive
    description:
      name: flutter_plugin_android_lifecycle
      sha256: "5c574d21b98ec92adab05ead10afd2b13ff5856c7ca79696edb338a9dd8ed387"
      url: "https://pub.dev"
    source: hosted
    version: "2.0.5"
  flutter_riverpod:
    dependency: transitive
    description:
      name: flutter_riverpod
      sha256: c57d053ca394a9f4ae3cb09654564700515c01ecf969e1bff0b5be479df4e3c4
      url: "https://pub.dev"
    source: hosted
    version: "1.0.3"
  flutter_speed_dial:
    dependency: "direct main"
    description:
      name: flutter_speed_dial
      sha256: "5aa34c99bb480a38edda643199dea538583c095d25105b84f8660945be322ee3"
      url: "https://pub.dev"
    source: hosted
    version: "6.0.0"
  flutter_svg:
    dependency: "direct main"
    description:
      name: flutter_svg
      sha256: c9bb2757b8a0bbf8e45f4069a90d2b9dbafc80b1a5e28d43e29088be533e6df4
      url: "https://pub.dev"
    source: hosted
    version: "1.0.3"
  flutter_test:
    dependency: "direct dev"
    description: flutter
    source: sdk
    version: "0.0.0"
  flutter_web_plugins:
    dependency: transitive
    description: flutter
    source: sdk
    version: "0.0.0"
  fluttertoast:
    dependency: "direct main"
    description:
      name: fluttertoast
      sha256: b528e78a4e69957bb8a33d9e8ceaa728801bb7c6ce599e811e49cf6d94d17fef
      url: "https://pub.dev"
    source: hosted
    version: "8.0.9"
  freezed_annotation:
    dependency: transitive
    description:
      name: freezed_annotation
      sha256: "02d17a242f724828a7c820921dbe92c66fe685d6bef3d7450dc556fa79e033ce"
      url: "https://pub.dev"
    source: hosted
    version: "0.15.0"
  geocoder:
    dependency: "direct main"
    description:
      name: geocoder
      sha256: bd1cc3e349459b75f8baadfb00eb009b6a5c82f5167bca251e2e2b9c1f06dd0a
      url: "https://pub.dev"
    source: hosted
    version: "0.2.1"
  geocoding:
    dependency: "direct main"
    description:
      name: geocoding
      sha256: "0d7e4a15f1f9b9bc2b0a9898aab0e014ef0534a24e0d8ad73fedfaedd384ca3b"
      url: "https://pub.dev"
    source: hosted
    version: "2.0.4"
  geocoding_platform_interface:
    dependency: transitive
    description:
      name: geocoding_platform_interface
      sha256: "8848605d307d844d89937cdb4b8ad7dfa880552078f310fa24d8a460f6dddab4"
      url: "https://pub.dev"
    source: hosted
    version: "2.0.1"
  geolocator:
    dependency: "direct main"
    description:
      name: geolocator
      sha256: "07660f8427bbeffdd7352b436ec56bfcdccd65c372f21f333a4bdf9f4d6be10a"
      url: "https://pub.dev"
    source: hosted
    version: "8.2.0"
  geolocator_android:
    dependency: transitive
    description:
      name: geolocator_android
      sha256: fe9ce81a6f06c2075b780e32ce1736c99b3911f94569d18235cc23a6004d55fe
      url: "https://pub.dev"
    source: hosted
    version: "3.1.3"
  geolocator_apple:
    dependency: transitive
    description:
      name: geolocator_apple
      sha256: "518b03766f66216c7fb41966ce2bd320766f55aa97fc53618d39cfa59bb876b0"
      url: "https://pub.dev"
    source: hosted
    version: "2.1.1+1"
  geolocator_platform_interface:
    dependency: transitive
    description:
      name: geolocator_platform_interface
      sha256: d37246d5ed30fdb269b6acde00a7451055762c2c1a3f6daf4b8c24b2eb6f9ba4
      url: "https://pub.dev"
    source: hosted
    version: "4.0.4"
  geolocator_web:
    dependency: transitive
    description:
      name: geolocator_web
      sha256: c1e068aaa483ec4464376c81038d8c811a732da8c0b89e8014c69e40715a961d
      url: "https://pub.dev"
    source: hosted
    version: "2.1.4"
  geolocator_windows:
    dependency: transitive
    description:
      name: geolocator_windows
      sha256: dd97c2d8dfd9b9090773e624fe72d796c1202a3ade95efef6c9198b8a91e68a5
      url: "https://pub.dev"
    source: hosted
    version: "0.1.0"
  get:
    dependency: "direct main"
    description:
      name: get
      sha256: "34cd0cfbbb76e3aa3f9d582b467a5d326235dd7a57276b6d8b5ead51cf51a256"
      url: "https://pub.dev"
    source: hosted
    version: "4.6.1"
  getwidget:
    dependency: "direct main"
    description:
      name: getwidget
      sha256: "183a0d08e9e0c44f0a08ea273a3b0527d570a86acd7836adbc18665accf31aa1"
      url: "https://pub.dev"
    source: hosted
    version: "2.0.5"
  google_fonts:
    dependency: "direct main"
    description:
      name: google_fonts
      sha256: b2d15ed94b96591df902c4b201c0692c7557cf33b086857ff93d0b4485f05d2e
      url: "https://pub.dev"
    source: hosted
    version: "2.3.1"
  google_maps_flutter:
    dependency: "direct main"
    description:
      name: google_maps_flutter
      sha256: "62b4b4970a48b093efba5aab98f9beb5b2f7af2219612912e20f3a56b7bdc176"
      url: "https://pub.dev"
    source: hosted
    version: "2.1.2"
  google_maps_flutter_platform_interface:
    dependency: transitive
    description:
      name: google_maps_flutter_platform_interface
      sha256: "9e60b98f87afd64050cad573cc3a7e449adcf41521464b7daf4e4e02dd8ab1ad"
      url: "https://pub.dev"
    source: hosted
    version: "2.1.5"
  google_sign_in:
    dependency: "direct main"
    description:
      name: google_sign_in
      sha256: "2fcdb4d8dfc9fdfb1792e5ab1ffa3303a4e14684eb351e94e12083c10700358e"
      url: "https://pub.dev"
    source: hosted
    version: "5.3.1"
  google_sign_in_android:
    dependency: transitive
    description:
      name: google_sign_in_android
      sha256: "6d1e3c4ea0a1c7cf4cb3bb6a2cc850cb8204e623eb5a5fe2b270d8dfc08736ed"
      url: "https://pub.dev"
    source: hosted
    version: "5.2.7"
  google_sign_in_ios:
    dependency: transitive
    description:
      name: google_sign_in_ios
      sha256: "3d9299cd4090d46ba1c530b15605b953df2fc8a53428b7e1fe0c5e9b049c8f47"
      url: "https://pub.dev"
    source: hosted
    version: "5.2.7"
  google_sign_in_platform_interface:
    dependency: transitive
    description:
      name: google_sign_in_platform_interface
      sha256: "62bf8abba105ddd4adcb807f7dd2ad52790a5a91f03876c8e08f13852879f3e5"
      url: "https://pub.dev"
    source: hosted
    version: "2.1.2"
  google_sign_in_web:
    dependency: transitive
    description:
      name: google_sign_in_web
      sha256: df9460c4fd7d454a01a2ba9df4adec96a551665fdcdacc48875195be202d5e0b
      url: "https://pub.dev"
    source: hosted
    version: "0.10.1+1"
  hidable:
    dependency: "direct main"
    description:
      name: hidable
      sha256: b8781c23c7e1af811d7b9cfb6d0aded91068b403413bf07c4af8c95c349564ac
      url: "https://pub.dev"
    source: hosted
    version: "1.0.2"
  hooks_riverpod:
    dependency: transitive
    description:
      name: hooks_riverpod
      sha256: "823e47bc9515d1660c7f8e700bf9b8bb14d3eb32efecce103bec6ca605c243f3"
      url: "https://pub.dev"
    source: hosted
    version: "1.0.3"
  http:
    dependency: transitive
    description:
      name: http
      sha256: "2ed163531e071c2c6b7c659635112f24cb64ecbebf6af46b550d536c0b1aa112"
      url: "https://pub.dev"
    source: hosted
    version: "0.13.4"
  http_parser:
    dependency: transitive
    description:
      name: http_parser
      sha256: e362d639ba3bc07d5a71faebb98cde68c05bfbcfbbb444b60b6f60bb67719185
      url: "https://pub.dev"
    source: hosted
    version: "4.0.0"
  image:
    dependency: transitive
    description:
      name: image
      sha256: "02bafd3b4f399bfeb10034deba9753d93b55ce41cd0c4d3d8b355626f80e5b32"
      url: "https://pub.dev"
    source: hosted
    version: "3.1.3"
  image_picker:
    dependency: "direct main"
    description:
      name: image_picker
      sha256: f3712cd190227fb92e0960cb0ce22928ba042c7183b16864ade83b259adf8ea6
      url: "https://pub.dev"
    source: hosted
    version: "0.8.5+3"
  image_picker_android:
    dependency: transitive
    description:
      name: image_picker_android
      sha256: "524c04b800320c92c079294a8a2024912b5cff6854d8e5da4d966338b243a276"
      url: "https://pub.dev"
    source: hosted
    version: "0.8.4+13"
  image_picker_for_web:
    dependency: transitive
    description:
      name: image_picker_for_web
      sha256: "60f306ffbdcada4bc8b2691acc420258a1b758e102c87c4f94fb568d640f0e0e"
      url: "https://pub.dev"
    source: hosted
    version: "2.1.8"
  image_picker_ios:
    dependency: transitive
    description:
      name: image_picker_ios
      sha256: "4034c8fbcbb9fbea99623cd45292ec5910ad3e4358988e4bd8219ee570a14814"
      url: "https://pub.dev"
    source: hosted
    version: "0.8.5+2"
  image_picker_platform_interface:
    dependency: transitive
    description:
      name: image_picker_platform_interface
      sha256: b5cfa6b0364979411dfbd3a68bd874452eff22344f184f92af79bddc4acf4742
      url: "https://pub.dev"
    source: hosted
    version: "2.5.0"
  infinite_widgets:
    dependency: "direct main"
    description:
      name: infinite_widgets
      sha256: "0ee76be6744ff421db0b9392d31500a7213fc9bcea69f339988d2a8278750642"
      url: "https://pub.dev"
    source: hosted
    version: "2.0.0"
  intl:
    dependency: "direct main"
    description:
      name: intl
      sha256: "910f85bce16fb5c6f614e117efa303e85a1731bb0081edf3604a2ae6e9a3cc91"
      url: "https://pub.dev"
    source: hosted
    version: "0.17.0"
  intl_phone_number_input:
    dependency: "direct main"
    description:
      name: intl_phone_number_input
      sha256: "8c520158fa93457d80a3f04a3266580312f41e149400f1fe38ef3a3d1301aa62"
      url: "https://pub.dev"
    source: hosted
    version: "0.7.0+2"
  js:
    dependency: transitive
    description:
      name: js
      sha256: "5528c2f391ededb7775ec1daa69e65a2d61276f7552de2b5f7b8d34ee9fd4ab7"
      url: "https://pub.dev"
    source: hosted
    version: "0.6.5"
  json_annotation:
    dependency: transitive
    description:
      name: json_annotation
      sha256: "2639efc0237c7b71c6584696c0847ea4e4733ddaf571ae9c79d5295e8ae17272"
      url: "https://pub.dev"
    source: hosted
    version: "4.4.0"
  libphonenumber:
    dependency: transitive
    description:
      name: libphonenumber
      sha256: "16612d08ccfdec024f038c582eb0b63e6b9a628230123ef37eb563f4d10ab214"
      url: "https://pub.dev"
    source: hosted
    version: "2.0.2"
  libphonenumber_platform_interface:
    dependency: transitive
    description:
      name: libphonenumber_platform_interface
      sha256: "977834b022bcc25e6e68bd86f977f10bbf20eec6bfab1ae7a151e51868ab91cf"
      url: "https://pub.dev"
    source: hosted
    version: "0.3.1"
  libphonenumber_plugin:
    dependency: transitive
    description:
      name: libphonenumber_plugin
      sha256: "76717a6bf1c5746ce599e9604c423d51b98a9a1ee50584d33afaecf355a1be93"
      url: "https://pub.dev"
    source: hosted
    version: "0.2.3"
  libphonenumber_web:
    dependency: transitive
    description:
      name: libphonenumber_web
      sha256: f938f3d21d2d208897a361b8ca9052dfd29f956a30ced76fda8b45744dad20cb
      url: "https://pub.dev"
    source: hosted
    version: "0.2.0+1"
  like_button:
    dependency: "direct main"
    description:
      name: like_button
      sha256: a5a42e2095aa32ab0051d1441f776bb207e5c81bfd2431afb6cff0cd13ee1251
      url: "https://pub.dev"
    source: hosted
    version: "2.0.4"
  lints:
    dependency: transitive
    description:
      name: lints
      sha256: a2c3d198cb5ea2e179926622d433331d8b58374ab8f29cdda6e863bd62fd369c
      url: "https://pub.dev"
    source: hosted
    version: "1.0.1"
  loading_indicator:
    dependency: "direct main"
    description:
      name: loading_indicator
      sha256: "3af0c7cab5ea9d6acac588a46ce98445637ce718bcc62698342d17df9c797dd4"
      url: "https://pub.dev"
    source: hosted
    version: "3.0.3"
  location:
    dependency: "direct main"
    description:
      name: location
      sha256: "9051959f6f2ccadd887b28b66e9cbbcc25b6838e37cf9e894c421ccc0ebf80b5"
      url: "https://pub.dev"
    source: hosted
    version: "4.4.0"
  location_platform_interface:
    dependency: transitive
    description:
      name: location_platform_interface
      sha256: "62eeaf1658e92e4459b727f55a3c328eccbac8ba043fa6d262ac5286ad48384c"
      url: "https://pub.dev"
    source: hosted
    version: "2.3.0"
  location_web:
    dependency: transitive
    description:
      name: location_web
      sha256: "6c08c408a040534c0269c4ff9fe17eebb5a36dea16512fbaf116b9c8bc21545b"
      url: "https://pub.dev"
    source: hosted
    version: "3.1.1"
  matcher:
    dependency: transitive
    description:
      name: matcher
      sha256: "16db949ceee371e9b99d22f88fa3a73c4e59fd0afed0bd25fc336eb76c198b72"
      url: "https://pub.dev"
    source: hosted
    version: "0.12.13"
  material_color_utilities:
    dependency: transitive
    description:
      name: material_color_utilities
      sha256: d92141dc6fe1dad30722f9aa826c7fbc896d021d792f80678280601aff8cf724
      url: "https://pub.dev"
    source: hosted
    version: "0.2.0"
  meta:
    dependency: transitive
    description:
      name: meta
      sha256: "6c268b42ed578a53088d834796959e4a1814b5e9e164f147f580a386e5decf42"
      url: "https://pub.dev"
    source: hosted
    version: "1.8.0"
  money_formatter:
    dependency: "direct main"
    description:
      name: money_formatter
      sha256: "7cea53417f91b1a965c814d364f5021d8633f5f013659db5cdabbc95c4971eb4"
      url: "https://pub.dev"
    source: hosted
    version: "0.0.3"
  octo_image:
    dependency: transitive
    description:
      name: octo_image
      sha256: "107f3ed1330006a3bea63615e81cf637433f5135a52466c7caa0e7152bca9143"
      url: "https://pub.dev"
    source: hosted
    version: "1.0.2"
  path:
    dependency: transitive
    description:
      name: path
      sha256: db9d4f58c908a4ba5953fcee2ae317c94889433e5024c27ce74a37f94267945b
      url: "https://pub.dev"
    source: hosted
    version: "1.8.2"
  path_drawing:
    dependency: transitive
    description:
      name: path_drawing
      sha256: a19347362f85a45aadf6bdfa3c04f18ff6676c445375eecd6251f9e09b9db551
      url: "https://pub.dev"
    source: hosted
    version: "1.0.0"
  path_parsing:
    dependency: transitive
    description:
      name: path_parsing
      sha256: "9508ebdf1c3ac3a68ad5fb15edab8b026382999f18f77352349e56fbd74183ac"
      url: "https://pub.dev"
    source: hosted
    version: "1.0.0"
  path_provider:
    dependency: transitive
    description:
      name: path_provider
      sha256: e92dee4d38a9044605cb3fb253e9b46eb9375dfcad4515d0379b44ac90797568
      url: "https://pub.dev"
    source: hosted
    version: "2.0.9"
  path_provider_android:
    dependency: transitive
    description:
      name: path_provider_android
      sha256: "8b759fb6c74955931e87f550cc9e890b0cccb7ef8e710943973efeaa9695c54d"
      url: "https://pub.dev"
    source: hosted
    version: "2.0.12"
  path_provider_ios:
    dependency: transitive
    description:
      name: path_provider_ios
      sha256: "943b76e54056386432cdc2731cb303e2f580346b61a1fc73819721767be72309"
      url: "https://pub.dev"
    source: hosted
    version: "2.0.8"
  path_provider_linux:
    dependency: transitive
    description:
      name: path_provider_linux
      sha256: "1e109f4df28bd95eab71e323008b53d19c4d633bc1ab05b577518773474e9621"
      url: "https://pub.dev"
    source: hosted
    version: "2.1.5"
  path_provider_macos:
    dependency: transitive
    description:
      name: path_provider_macos
      sha256: "0adeb313e1f2c3fc52baeeee59b0fe9c2d1f7da56fd96a9234e1702ec653a453"
      url: "https://pub.dev"
    source: hosted
    version: "2.0.5"
  path_provider_platform_interface:
    dependency: transitive
    description:
      name: path_provider_platform_interface
      sha256: "3dc0d51b07f85fec3746d9f4e8d31c73bb173cafa2e763f03f8df2e8d1878882"
      url: "https://pub.dev"
    source: hosted
    version: "2.0.3"
  path_provider_windows:
    dependency: transitive
    description:
      name: path_provider_windows
      sha256: "366ad4e3541ea707f859e7148d4d5aba67d589d7936cee04a05c464a277eeb27"
      url: "https://pub.dev"
    source: hosted
    version: "2.0.5"
  pedantic:
    dependency: transitive
    description:
      name: pedantic
      sha256: "67fc27ed9639506c856c840ccce7594d0bdcd91bc8d53d6e52359449a1d50602"
      url: "https://pub.dev"
    source: hosted
    version: "1.11.1"
  permission_handler:
    dependency: "direct main"
    description:
      name: permission_handler
      sha256: "5749ebeb7ec0c3865ea17e3eb337174b87747be816dab582c551e1aff6f6bbf3"
      url: "https://pub.dev"
    source: hosted
    version: "9.2.0"
  permission_handler_android:
    dependency: transitive
    description:
      name: permission_handler_android
      sha256: a512e0fa8abcb0659d938ec2df93a70eb1df1fdea5fdc6d79a866bfd858a28fc
      url: "https://pub.dev"
    source: hosted
    version: "9.0.2+1"
  permission_handler_apple:
    dependency: transitive
    description:
      name: permission_handler_apple
      sha256: "6367799be76d1fe70ffe2df7f025abfe28818b450f550621778995badbebf519"
      url: "https://pub.dev"
    source: hosted
    version: "9.0.4"
  permission_handler_platform_interface:
    dependency: transitive
    description:
      name: permission_handler_platform_interface
      sha256: ca16451bfdc6d26693d10b37b2d81370bdf3f0318422f3eecfd6004f5bd7d21f
      url: "https://pub.dev"
    source: hosted
    version: "3.7.0"
  permission_handler_windows:
    dependency: transitive
    description:
      name: permission_handler_windows
      sha256: "40ad5ab4d3c65d75c7f3a069065c77503aae19a1cf01ba246d43489e14f1b90c"
      url: "https://pub.dev"
    source: hosted
    version: "0.1.0"
  petitparser:
    dependency: transitive
    description:
      name: petitparser
      sha256: "1a914995d4ef10c94ff183528c120d35ed43b5eaa8713fc6766a9be4570782e2"
      url: "https://pub.dev"
    source: hosted
    version: "4.4.0"
  pinput:
    dependency: transitive
    description:
      name: pinput
      sha256: "27eb69042f75755bdb6544f6e79a50a6ed09d6e97e2d75c8421744df1e392949"
      url: "https://pub.dev"
    source: hosted
    version: "1.2.2"
  platform:
    dependency: transitive
    description:
      name: platform
      sha256: "4a451831508d7d6ca779f7ac6e212b4023dd5a7d08a27a63da33756410e32b76"
      url: "https://pub.dev"
    source: hosted
    version: "3.1.0"
  plugin_platform_interface:
    dependency: transitive
    description:
      name: plugin_platform_interface
      sha256: "075f927ebbab4262ace8d0b283929ac5410c0ac4e7fc123c76429564facfb757"
      url: "https://pub.dev"
    source: hosted
    version: "2.1.2"
  process:
    dependency: transitive
    description:
      name: process
      sha256: "53fd8db9cec1d37b0574e12f07520d582019cb6c44abf5479a01505099a34a09"
      url: "https://pub.dev"
    source: hosted
    version: "4.2.4"
  progress_dialog:
    dependency: "direct main"
    description:
      name: progress_dialog
      sha256: "2f92c7664ef569939c8c2c38bdf770e2d791d4e9075efe38d7fff0940afbcadd"
      url: "https://pub.dev"
    source: hosted
    version: "1.2.4"
  quiver:
    dependency: transitive
    description:
      name: quiver
      sha256: "93982981971e812c94d4a6fa3a57b89f9ec12b38b6380cd3c1370c3b01e4580e"
      url: "https://pub.dev"
    source: hosted
    version: "3.1.0"
  reactive_forms:
    dependency: "direct main"
    description:
      name: reactive_forms
      sha256: "3f69283623527980f0994f9b2f8b33d3058f98aec77ef8dd4028839611f2bd8c"
      url: "https://pub.dev"
    source: hosted
    version: "11.0.1"
  reactive_pinput:
    dependency: "direct main"
    description:
      name: reactive_pinput
      sha256: d16b1bdbfd9e1ff100b73c133cf92908d20a184305d39c6d741290cae63a8f46
      url: "https://pub.dev"
    source: hosted
    version: "0.2.0"
  riverpod:
    dependency: transitive
    description:
      name: riverpod
      sha256: e7f097159b9512f5953ff544164c19057f45ce28fd0cb971fc4cad1f7b28217d
      url: "https://pub.dev"
    source: hosted
    version: "1.0.3"
  rxdart:
    dependency: transitive
    description:
      name: rxdart
      sha256: bc2d2b17b87fab32e2dca53ca3066d3147de6f96c74d76cfe1a379a24239c46d
      url: "https://pub.dev"
    source: hosted
    version: "0.27.3"
  shared_preferences:
    dependency: "direct main"
    description:
      name: shared_preferences
      sha256: "76917b7d4b9526b2ba416808a7eb9fb2863c1a09cf63ec85f1453da240fa818a"
      url: "https://pub.dev"
    source: hosted
    version: "2.0.15"
  shared_preferences_android:
    dependency: transitive
    description:
      name: shared_preferences_android
      sha256: "853801ce6ba7429ec4e923e37317f32a57c903de50b8c33ffcfbdb7e6f0dd39c"
      url: "https://pub.dev"
    source: hosted
    version: "2.0.12"
  shared_preferences_ios:
    dependency: transitive
    description:
      name: shared_preferences_ios
      sha256: "585a14cefec7da8c9c2fb8cd283a3bb726b4155c0952afe6a0caaa7b2272de34"
      url: "https://pub.dev"
    source: hosted
    version: "2.1.1"
  shared_preferences_linux:
    dependency: transitive
    description:
      name: shared_preferences_linux
      sha256: "28aefc1261746e7bad3d09799496054beb84e8c4ffcdfed7734e17b4ada459a5"
      url: "https://pub.dev"
    source: hosted
    version: "2.1.1"
  shared_preferences_macos:
    dependency: transitive
    description:
      name: shared_preferences_macos
      sha256: fbb94bf296576f49be37a1496d5951796211a8db0aa22cc0d68c46440dad808c
      url: "https://pub.dev"
    source: hosted
    version: "2.0.4"
  shared_preferences_platform_interface:
    dependency: transitive
    description:
      name: shared_preferences_platform_interface
      sha256: "992f0fdc46d0a3c0ac2e5859f2de0e577bbe51f78a77ee8f357cbe626a2ad32d"
      url: "https://pub.dev"
    source: hosted
    version: "2.0.0"
  shared_preferences_web:
    dependency: transitive
    description:
      name: shared_preferences_web
      sha256: a4b5bc37fe1b368bbc81f953197d55e12f49d0296e7e412dfe2d2d77d6929958
      url: "https://pub.dev"
    source: hosted
    version: "2.0.4"
  shared_preferences_windows:
    dependency: transitive
    description:
      name: shared_preferences_windows
      sha256: "97f7ab9a7da96d9cf19581f5de520ceb529548498bd6b5e0ccd02d68a0d15eba"
      url: "https://pub.dev"
    source: hosted
    version: "2.1.1"
  shimmer:
    dependency: "direct main"
    description:
      name: shimmer
      sha256: "1f1009b5845a1f88f1c5630212279540486f97409e9fc3f63883e71070d107bf"
      url: "https://pub.dev"
    source: hosted
    version: "2.0.0"
  simple_animations:
    dependency: "direct main"
    description:
      name: simple_animations
      sha256: b29f3001748e9019b652c4e8eb81bc7d7ebe2899219fa662eb602e191bfd2907
      url: "https://pub.dev"
    source: hosted
    version: "4.0.2"
  sky_engine:
    dependency: transitive
    description: flutter
    source: sdk
    version: "0.0.99"
  source_span:
    dependency: transitive
    description:
      name: source_span
      sha256: dd904f795d4b4f3b870833847c461801f6750a9fa8e61ea5ac53f9422b31f250
      url: "https://pub.dev"
    source: hosted
    version: "1.9.1"
  sqflite:
    dependency: transitive
    description:
      name: sqflite
      sha256: "51c09d414ca74b1cd4a5880d63763ebd2033a4fc6d921708c7c1e98c603735d4"
      url: "https://pub.dev"
    source: hosted
    version: "2.0.2+1"
  sqflite_common:
    dependency: transitive
    description:
      name: sqflite_common
      sha256: b504fc5b4576a05586a0bb99d9bcc0d37a78d9d5ed68b96c361d5d3a8e538275
      url: "https://pub.dev"
    source: hosted
    version: "2.2.1+1"
  stack_trace:
    dependency: transitive
    description:
      name: stack_trace
      sha256: c3c7d8edb15bee7f0f74debd4b9c5f3c2ea86766fe4178eb2a18eb30a0bdaed5
      url: "https://pub.dev"
    source: hosted
    version: "1.11.0"
  state_notifier:
    dependency: transitive
    description:
      name: state_notifier
      sha256: "8fe42610f179b843b12371e40db58c9444f8757f8b69d181c97e50787caed289"
      url: "https://pub.dev"
    source: hosted
    version: "0.7.2+1"
  stream_channel:
    dependency: transitive
    description:
      name: stream_channel
      sha256: "83615bee9045c1d322bbbd1ba209b7a749c2cbcdcb3fdd1df8eb488b3279c1c8"
      url: "https://pub.dev"
    source: hosted
    version: "2.1.1"
  stream_transform:
    dependency: transitive
    description:
      name: stream_transform
      sha256: ed464977cb26a1f41537e177e190c67223dbd9f4f683489b6ab2e5d211ec564e
      url: "https://pub.dev"
    source: hosted
    version: "2.0.0"
  string_scanner:
    dependency: transitive
    description:
      name: string_scanner
      sha256: "556692adab6cfa87322a115640c11f13cb77b3f076ddcc5d6ae3c20242bedcde"
      url: "https://pub.dev"
    source: hosted
    version: "1.2.0"
  supercharged:
    dependency: "direct main"
    description:
      name: supercharged
      sha256: ab49c848b33e28243f5ce82b976736de17d0852b71d0dfbde53fbb5e2ecca7cb
      url: "https://pub.dev"
    source: hosted
    version: "2.1.1"
  supercharged_dart:
    dependency: transitive
    description:
      name: supercharged_dart
      sha256: cb95edda32eacd27664089700a750120be41daa84aa6cd2aeded46227c16b867
      url: "https://pub.dev"
    source: hosted
    version: "2.1.1"
  syncfusion_flutter_charts:
    dependency: "direct main"
    description:
      name: syncfusion_flutter_charts
      sha256: b498ab2719c84ced383fce40daef768547a377b0f35023f58d77d3639e54c3a2
      url: "https://pub.dev"
    source: hosted
    version: "20.1.58+1"
  syncfusion_flutter_core:
    dependency: transitive
    description:
      name: syncfusion_flutter_core
      sha256: eced4cbef4e27fbe766dcc0572a3416f73a97e5a7ea7a96152f8efaadd547221
      url: "https://pub.dev"
    source: hosted
    version: "20.1.58+1"
  synchronized:
    dependency: transitive
    description:
      name: synchronized
      sha256: a7f0790927c0806ae0d5eb061c713748fa6070ef0037e391a2d53c3844c09dc2
      url: "https://pub.dev"
    source: hosted
    version: "3.0.0+2"
  term_glyph:
    dependency: transitive
    description:
      name: term_glyph
      sha256: a29248a84fbb7c79282b40b8c72a1209db169a2e0542bce341da992fe1bc7e84
      url: "https://pub.dev"
    source: hosted
    version: "1.2.1"
  test_api:
    dependency: transitive
    description:
      name: test_api
      sha256: ad540f65f92caa91bf21dfc8ffb8c589d6e4dc0c2267818b4cc2792857706206
      url: "https://pub.dev"
    source: hosted
    version: "0.4.16"
  tflite:
    dependency: "direct main"
    description:
      name: tflite
      sha256: "661f8942a0e8ca05fedf554cc6f9cc95f526d0e4588d1665e0eb4d29e25e69b1"
      url: "https://pub.dev"
    source: hosted
    version: "1.1.2"
  timezone:
    dependency: transitive
    description:
      name: timezone
      sha256: "57b35f6e8ef731f18529695bffc62f92c6189fac2e52c12d478dec1931afb66e"
      url: "https://pub.dev"
    source: hosted
    version: "0.8.0"
  typed_data:
    dependency: transitive
    description:
      name: typed_data
      sha256: "53bdf7e979cfbf3e28987552fd72f637e63f3c8724c9e56d9246942dc2fa36ee"
      url: "https://pub.dev"
    source: hosted
    version: "1.3.0"
  universal_io:
    dependency: transitive
    description:
      name: universal_io
      sha256: "79f78ddad839ee3aae3ec7c01eb4575faf0d5c860f8e5223bc9f9c17f7f03cef"
      url: "https://pub.dev"
    source: hosted
    version: "2.0.4"
  uuid:
    dependency: transitive
    description:
      name: uuid
      sha256: "2469694ad079893e3b434a627970c33f2fa5adc46dfe03c9617546969a9a8afc"
      url: "https://pub.dev"
    source: hosted
    version: "3.0.6"
  vector_math:
    dependency: transitive
    description:
      name: vector_math
      sha256: "80b3257d1492ce4d091729e3a67a60407d227c27241d6927be0130c98e741803"
      url: "https://pub.dev"
    source: hosted
    version: "2.1.4"
  win32:
    dependency: transitive
    description:
      name: win32
      sha256: cde1e6d546d8cfd0b3c72bc6f29d980fa629d1cb107f38e2a039ca5d10d79e41
      url: "https://pub.dev"
    source: hosted
    version: "2.4.1"
  xdg_directories:
    dependency: transitive
    description:
      name: xdg_directories
      sha256: "060b6e1c891d956f72b5ac9463466c37cce3fa962a921532fc001e86fe93438e"
      url: "https://pub.dev"
    source: hosted
    version: "0.2.0+1"
  xml:
    dependency: transitive
    description:
      name: xml
      sha256: baa23bcba1ba4ce4b22c0c7a1d9c861e7015cb5169512676da0b85138e72840c
      url: "https://pub.dev"
    source: hosted
    version: "5.3.1"
  yaml:
    dependency: transitive
    description:
      name: yaml
      sha256: "3cee79b1715110341012d27756d9bae38e650588acd38d3f3c610822e1337ace"
      url: "https://pub.dev"
    source: hosted
    version: "3.1.0"
sdks:
  dart: ">=2.18.0 <3.0.0"
  flutter: ">=3.0.0"
